
Microsoft Visual Studio Solution File, Format Version 12.00
# Visual Studio Version 17
VisualStudioVersion = 17.10.35004.147
MinimumVisualStudioVersion = 10.0.40219.1
Project("{FAE04EC0-301F-11D3-BF4B-00C04F79EFBC}") = "7.1 Finding the largest element in an array", "7.1 Finding the largest element in an array.csproj", "{558FA665-ABC3-4973-BF10-A8013B0242C9}"
EndProject
Global
	GlobalSection(SolutionConfigurationPlatforms) = preSolution
		Debug|Any CPU = Debug|Any CPU
		Release|Any CPU = Release|Any CPU
	EndGlobalSection
	GlobalSection(ProjectConfigurationPlatforms) = postSolution
		{558FA665-ABC3-4973-BF10-A8013B0242C9}.Debug|Any CPU.ActiveCfg = Debug|Any CPU
		{558FA665-ABC3-4973-BF10-A8013B0242C9}.Debug|Any CPU.Build.0 = Debug|Any CPU
		{558FA665-ABC3-4973-BF10-A8013B0242C9}.Release|Any CPU.ActiveCfg = Release|Any CPU
		{558FA665-ABC3-4973-BF10-A8013B0242C9}.Release|Any CPU.Build.0 = Release|Any CPU
	EndGlobalSection
	GlobalSection(SolutionProperties) = preSolution
		HideSolutionNode = FALSE
	EndGlobalSection
	GlobalSection(ExtensibilityGlobals) = postSolution
		SolutionGuid = {65722024-7E1B-4191-BEAE-7932A9A63B19}
	EndGlobalSection
EndGlobal
